
Microsoft Visual Studio Solution File, Format Version 12.00
# Visual Studio Version 17
VisualStudioVersion = 17.14.36401.2 d17.14
MinimumVisualStudioVersion = 10.0.40219.1
Project("{FAE04EC0-301F-11D3-BF4B-00C04F79EFBC}") = "SharpEdit", "SharpEdit.csproj", "{A319DEEB-74F0-41E0-90D0-ACCB53A832D8}"
EndProject
Global
	GlobalSection(SolutionConfigurationPlatforms) = preSolution
		Debug|Any CPU = Debug|Any CPU
		Release|Any CPU = Release|Any CPU
	EndGlobalSection
	GlobalSection(ProjectConfigurationPlatforms) = postSolution
		{A319DEEB-74F0-41E0-90D0-ACCB53A832D8}.Debug|Any CPU.ActiveCfg = Debug|Any CPU
		{A319DEEB-74F0-41E0-90D0-ACCB53A832D8}.Debug|Any CPU.Build.0 = Debug|Any CPU
		{A319DEEB-74F0-41E0-90D0-ACCB53A832D8}.Release|Any CPU.ActiveCfg = Release|Any CPU
		{A319DEEB-74F0-41E0-90D0-ACCB53A832D8}.Release|Any CPU.Build.0 = Release|Any CPU
	EndGlobalSection
	GlobalSection(SolutionProperties) = preSolution
		HideSolutionNode = FALSE
	EndGlobalSection
	GlobalSection(ExtensibilityGlobals) = postSolution
		SolutionGuid = {A4F2F3B6-2DD8-4D34-9F2E-50E89D21A7AE}
	EndGlobalSection
EndGlobal
